dependencies:
  espressif/esp32-camera:
    component_hash: c3eb05fbeeae884a23bed9b17d48d5f0da8872beadae0c0e747d2fbea6094f06
    dependencies: []
    source:
      registry_url: https://components.espressif.com/
      type: service
    version: 2.0.15
  idf:
    source:
      type: idf
    version: 5.2.1
  joltwallet/littlefs:
    component_hash: add3caf39a265868f70e55f17e8bfb401f200e45a601dc392832e7ac2c1487bc
    dependencies:
    - name: idf
      require: private
      version: '>=4.3'
    source:
      registry_url: https://components.espressif.com/
      type: service
    version: 1.16.4
direct_dependencies:
- espressif/esp32-camera
- joltwallet/littlefs
manifest_hash: de143e3a59eb65abfa527bce08c56469f45d1ee65f9c7555de1dbcf16bf84c4c
target: esp32
version: 2.0.0
